github.com/avct/uasurfer v0.0.0-20240501094946-ca0c4d1e541b h1:F1IDheTR2BqSIznXwfgxursfutFj5pNezhneejTPUYQ=
github.com/avct/uasurfer v0.0.0-20240501094946-ca0c4d1e541b/go.mod h1:s+GCtuP4kZNxh1WGoqdWI1+PbluBcycrMMWuKQ9e5Nk=
github.com/davecgh/go-spew v1.1.1 h1:vj9j/u1bqnvCEfJOwUhtlOARqs3+rkHYY13jYWTU97c=
github.com/davecgh/go-spew v1.1.1/go.mod h1:J7Y8YcW2NihsgmVo/mv3lAwl/skON4iLHjSsI+c5H38=
github.com/fatih/color v1.13.0 h1:8LOYc1KYPPmyKMuN8QV2DNRWNbLo6LZ0iLs8+mlH53w=
github.com/fatih/color v1.13.0/go.mod h1:kLAiJbzzSOZDVNGyDpeOxJ47H46qBXwg5ILebYFFOfk=
github.com/golang/mock v1.6.0 h1:ErTB+efbowRARo13NNdxyJji2egdxLGQhRaY+DUumQc=
github.com/golang/mock v1.6.0/go.mod h1:p6yTPP+5HYm5mzsMV8JkE6ZKdX+/wYM6Hr+LicevLPs=
github.com/mattn/go-colorable v0.1.9 h1:sqDoxXbdeALODt0DAeJCVp38ps9ZogZEAXjus69YV3U=
github.com/mattn/go-colorable v0.1.9/go.mod h1:u6P/XSegPjTcexA+o6vUJrdnUu04hMope9wVRipJSqc=
github.com/mattn/go-isatty v0.0.12/go.mod h1:cbi8OIDigv2wuxKPP5vlRcQ1OAZbq2CE4Kysco4FUpU=
github.com/mattn/go-isatty v0.0.14 h1:yVuAays6BHfxijgZPzw+3Zlu5yQgKGP2/hcQbHb7S9Y=
github.com/mattn/go-isatty v0.0.14/go.mod h1:7GGIvUiUoEMVVmxf/4nioHXj79iQHKdU27kJ6hsGG94=
github.com/pmezard/go-difflib v1.0.0 h1:4DBwDE0NGyQoBHbLQYPwSUPoCMWR5BEzIk/f1lZbAQM=
github.com/pmezard/go-difflib v1.0.0/go.mod h1:iKH77koFhYxTK1pcRnkKkqfTogsbg7gZNVY4sRDYZ/4=
github.com/qdm12/goservices v0.1.0 h1:9sODefm/yuIGS7ynCkEnNlMTAYn9GzPhtcK4F69JWvc=
github.com/qdm12/goservices v0.1.0/go.mod h1:/JOFsAnHFiSjyoXxa5FlfX903h20K5u/3rLzCjYVMck=
github.com/qdm12/gosettings v0.4.4 h1:SM6tOZDf6k8qbjWU8KWyBF4mWIixfsKCfh9DGRLHlj4=
github.com/qdm12/gosettings v0.4.4/go.mod h1:CPrt2YC4UsURTrslmhxocVhMCW03lIrqdH2hzIf5prg=
github.com/qdm12/gosplash v0.2.0 h1:DOxCEizbW6ZG+FgpH2oK1atT6bM8MHL9GZ2ywSS4zZY=
github.com/qdm12/gosplash v0.2.0/go.mod h1:k+1PzhO0th9cpX4q2Nneu4xTsndXqrM/x7NTIYmJ4jo=
github.com/qdm12/gotree v0.3.0 h1:Q9f4C571EFK7ZEsPkEL2oGZX7I+ZhVxhh1ZSydW+5yI=
github.com/qdm12/gotree v0.3.0/go.mod h1:iz06uXmRR4Aq9v6tX7mosXStO/yGHxRA1hbyD0UVeYw=
github.com/qdm12/log v0.1.0 h1:jYBd/xscHYpblzZAd2kjZp2YmuYHjAAfbTViJWxoPTw=
github.com/qdm12/log v0.1.0/go.mod h1:Vchi5M8uBvHfPNIblN4mjXn/oSbiWguQIbsgF1zdQPI=
github.com/stretchr/testify v1.9.0 h1:HtqpIVDClZ4nwg75+f6Lvsy/wHu+3BoSGCbBAcpTsTg=
github.com/stretchr/testify v1.9.0/go.mod h1:r2ic/lqez/lEtzL7wO/rwa5dbSLXVDPFyf8C91i36aY=
golang.org/x/exp v0.0.0-20231110203233-9a3e6036ecaa h1:FRnLl4eNAQl8hwxVVC17teOw8kdjVDVAiFMtgUdTSRQ=
golang.org/x/exp v0.0.0-20231110203233-9a3e6036ecaa/go.mod h1:zk2irFbV9DP96SEBUUAy67IdHUaZuSnrz1n472HUCLE=
golang.org/x/sys v0.0.0-20200116001909-b77594299b42/go.mod h1:h1NjWce9XRLGQEsW7wpKNCjG9DtNlClVuFLEZdDNbEs=
golang.org/x/sys v0.0.0-20200223170610-d5e6a3e2c0ae/go.mod h1:h1NjWce9XRLGQEsW7wpKNCjG9DtNlClVuFLEZdDNbEs=
golang.org/x/sys v0.0.0-20210630005230-0f9fa26af87c/go.mod h1:oPkhp1MJrh7nUepCBck5+mAzfO9JrbApNNgaTdGDITg=
golang.org/x/sys v0.25.0 h1:r+8e+loiHxRqhXVl6ML1nO3l1+oFoWbnlu2Ehimmi34=
golang.org/x/sys v0.25.0/go.mod h1:/VUhepiaJMQUp4+oa/7Zr1D23ma6VTLIYjOOTFZPUcA=
gopkg.in/check.v1 v0.0.0-20161208181325-20d25e280405 h1:yhCVgyC4o1eVCa2tZl7eS0r+SDo693bJlVdllGtEeKM=
gopkg.in/check.v1 v0.0.0-20161208181325-20d25e280405/go.mod h1:Co6ibVJAznAaIkqp8huTwlJQCZ016jof/cbN4VW5Yz0=
gopkg.in/yaml.v3 v3.0.1 h1:fxVm/GzAzEWqLHuvctI91KS9hhNmmWOoWu0XTYJS7CA=
gopkg.in/yaml.v3 v3.0.1/go.mod h1:K4uyk7z7BCEPqu6E+C64Yfv1cQ7kz7rIZviUmN+EgEM=
kernel.org/pub/linux/libs/security/libcap/cap v1.2.69 h1:N0m3tKYbkRMmDobh/47ngz+AWeV7PcfXMDi8xu3Vrag=
kernel.org/pub/linux/libs/security/libcap/cap v1.2.69/go.mod h1:Tk5Ip2TuxaWGpccL7//rAsLRH6RQ/jfqTGxuN/+i/FQ=
kernel.org/pub/linux/libs/security/libcap/psx v1.2.69 h1:IdrOs1ZgwGw5CI+BH6GgVVlOt+LAXoPyh7enr8lfaXs=
kernel.org/pub/linux/libs/security/libcap/psx v1.2.69/go.mod h1:+l6Ee2F59XiJ2I6WR5ObpC1utCQJZ/VLsEbQCD8RG24=
